
Microsoft Visual Studio Solution File, Format Version 12.00
# Visual Studio 15
Project("{FAE04EC0-301F-11D3-BF4B-00C04F79EFBC}") = "SerializableReadWrite", "SerializableReadWrite.csproj", "{34271106-0BC5-B414-2170-B094ECCA5984}"
EndProject
Project("{FAE04EC0-301F-11D3-BF4B-00C04F79EFBC}") = "DeathKnight.Net.Tests", "DeathKnight.Net.Tests.csproj", "{1F30DF64-CFCE-D9CD-02FE-62A19A6DB8C3}"
EndProject
Project("{FAE04EC0-301F-11D3-BF4B-00C04F79EFBC}") = "DeathKnight.Net", "DeathKnight.Net.csproj", "{60623239-EC63-F131-9C12-6EF29D15C51C}"
EndProject
Project("{FAE04EC0-301F-11D3-BF4B-00C04F79EFBC}") = "DeathKnight.Net.Editor", "DeathKnight.Net.Editor.csproj", "{BB7FEE89-A1F7-E81E-BE16-FA96421978B5}"
EndProject
Project("{FAE04EC0-301F-11D3-BF4B-00C04F79EFBC}") = "DeathKnight.FileArchive", "DeathKnight.FileArchive.csproj", "{348C7DDD-68B8-6701-13FD-12F6C2D13E2B}"
EndProject
Project("{FAE04EC0-301F-11D3-BF4B-00C04F79EFBC}") = "Assembly-CSharp", "Assembly-CSharp.csproj", "{AF1C23F6-2C0B-5DCA-3A72-3EE8D5B3D184}"
EndProject
Global
	GlobalSection(SolutionConfigurationPlatforms) = preSolution
		Debug|Any CPU = Debug|Any CPU
		Release|Any CPU = Release|Any CPU
	EndGlobalSection
	GlobalSection(ProjectConfigurationPlatforms) = postSolution
		{34271106-0BC5-B414-2170-B094ECCA5984}.Debug|Any CPU.ActiveCfg = Debug|Any CPU
		{34271106-0BC5-B414-2170-B094ECCA5984}.Debug|Any CPU.Build.0 = Debug|Any CPU
		{34271106-0BC5-B414-2170-B094ECCA5984}.Release|Any CPU.ActiveCfg = Release|Any CPU
		{34271106-0BC5-B414-2170-B094ECCA5984}.Release|Any CPU.Build.0 = Release|Any CPU
		{1F30DF64-CFCE-D9CD-02FE-62A19A6DB8C3}.Debug|Any CPU.ActiveCfg = Debug|Any CPU
		{1F30DF64-CFCE-D9CD-02FE-62A19A6DB8C3}.Debug|Any CPU.Build.0 = Debug|Any CPU
		{1F30DF64-CFCE-D9CD-02FE-62A19A6DB8C3}.Release|Any CPU.ActiveCfg = Release|Any CPU
		{1F30DF64-CFCE-D9CD-02FE-62A19A6DB8C3}.Release|Any CPU.Build.0 = Release|Any CPU
		{60623239-EC63-F131-9C12-6EF29D15C51C}.Debug|Any CPU.ActiveCfg = Debug|Any CPU
		{60623239-EC63-F131-9C12-6EF29D15C51C}.Debug|Any CPU.Build.0 = Debug|Any CPU
		{60623239-EC63-F131-9C12-6EF29D15C51C}.Release|Any CPU.ActiveCfg = Release|Any CPU
		{60623239-EC63-F131-9C12-6EF29D15C51C}.Release|Any CPU.Build.0 = Release|Any CPU
		{BB7FEE89-A1F7-E81E-BE16-FA96421978B5}.Debug|Any CPU.ActiveCfg = Debug|Any CPU
		{BB7FEE89-A1F7-E81E-BE16-FA96421978B5}.Debug|Any CPU.Build.0 = Debug|Any CPU
		{BB7FEE89-A1F7-E81E-BE16-FA96421978B5}.Release|Any CPU.ActiveCfg = Release|Any CPU
		{BB7FEE89-A1F7-E81E-BE16-FA96421978B5}.Release|Any CPU.Build.0 = Release|Any CPU
		{348C7DDD-68B8-6701-13FD-12F6C2D13E2B}.Debug|Any CPU.ActiveCfg = Debug|Any CPU
		{348C7DDD-68B8-6701-13FD-12F6C2D13E2B}.Debug|Any CPU.Build.0 = Debug|Any CPU
		{348C7DDD-68B8-6701-13FD-12F6C2D13E2B}.Release|Any CPU.ActiveCfg = Release|Any CPU
		{348C7DDD-68B8-6701-13FD-12F6C2D13E2B}.Release|Any CPU.Build.0 = Release|Any CPU
		{AF1C23F6-2C0B-5DCA-3A72-3EE8D5B3D184}.Debug|Any CPU.ActiveCfg = Debug|Any CPU
		{AF1C23F6-2C0B-5DCA-3A72-3EE8D5B3D184}.Debug|Any CPU.Build.0 = Debug|Any CPU
		{AF1C23F6-2C0B-5DCA-3A72-3EE8D5B3D184}.Release|Any CPU.ActiveCfg = Release|Any CPU
		{AF1C23F6-2C0B-5DCA-3A72-3EE8D5B3D184}.Release|Any CPU.Build.0 = Release|Any CPU
	EndGlobalSection
	GlobalSection(SolutionProperties) = preSolution
		HideSolutionNode = FALSE
	EndGlobalSection
EndGlobal
